// !$*UTF8*$!
{
	archiveVersion = 1;
	classes = {
	};
	objectVersion = 77;
	objects = {

/* Begin PBXBuildFile section */
		1245BC2E2E0E179900BFB83E /* libmatplot.1.2.0.dylib in Frameworks */ = {isa = PBXBuildFile; fileRef = 1245BC252E0E0E1A00BFB83E /* libmatplot.1.2.0.dylib */; };
/* End PBXBuildFile section */

/* Begin PBXCopyFilesBuildPhase section */
		1245BC182E0E0AEF00BFB83E /* CopyFiles */ = {
			isa = PBXCopyFilesBuildPhase;
			buildActionMask = 2147483647;
			dstPath = /usr/share/man/man1/;
			dstSubfolderSpec = 0;
			files = (
			);
			runOnlyForDeploymentPostprocessing = 1;
		};
/* End PBXCopyFilesBuildPhase section */

/* Begin PBXFileReference section */
		1245BC1A2E0E0AEF00BFB83E /* practica2025 */ = {isa = PBXFileReference; explicitFileType = "compiled.mach-o.executable"; includeInIndex = 0; path = practica2025; sourceTree = BUILT_PRODUCTS_DIR; };
		1245BC252E0E0E1A00BFB83E /* libmatplot.1.2.0.dylib */ = {isa = PBXFileReference; lastKnownFileType = "compiled.mach-o.dylib"; name = libmatplot.1.2.0.dylib; path = ../../../../../../../opt/homebrew/Cellar/matplotplusplus/1.2.2/lib/libmatplot.1.2.0.dylib; sourceTree = "<group>"; };
		1245BC272E0E170B00BFB83E /* QtGui.framework */ = {isa = PBXFileReference; lastKnownFileType = wrapper.framework; name = QtGui.framework; path = ../../../../../../../opt/homebrew/Cellar/qt/6.9.0_1/lib/QtGui.framework; sourceTree = "<group>"; };
		1245BC282E0E170B00BFB83E /* QtWidgets.framework */ = {isa = PBXFileReference; lastKnownFileType = wrapper.framework; name = QtWidgets.framework; path = ../../../../../../../opt/homebrew/Cellar/qt/6.9.0_1/lib/QtWidgets.framework; sourceTree = "<group>"; };
		1245BC2B2E0E174B00BFB83E /* QtCore5Compat.framework */ = {isa = PBXFileReference; lastKnownFileType = wrapper.framework; name = QtCore5Compat.framework; path = ../../../../../../../opt/homebrew/Cellar/qt/6.9.0_1/lib/QtCore5Compat.framework; sourceTree = "<group>"; };
/* End PBXFileReference section */

/* Begin PBXFileSystemSynchronizedRootGroup section */
		1245BC1C2E0E0AEF00BFB83E /* practica2025 */ = {
			isa = PBXFileSystemSynchronizedRootGroup;
			path = practica2025;
			sourceTree = "<group>";
		};
/* End PBXFileSystemSynchronizedRootGroup section */

/* Begin PBXFrameworksBuildPhase section */
		1245BC172E0E0AEF00BFB83E /* Frameworks */ = {
			isa = PBXFrameworksBuildPhase;
			buildActionMask = 2147483647;
			files = (
				1245BC2E2E0E179900BFB83E /* libmatplot.1.2.0.dylib in Frameworks */,
			);
			runOnlyForDeploymentPostprocessing = 0;
		};
/* End PBXFrameworksBuildPhase section */

/* Begin PBXGroup section */
		1245BC112E0E0AEF00BFB83E = {
			isa = PBXGroup;
			children = (
				1245BC1C2E0E0AEF00BFB83E /* practica2025 */,
				1245BC242E0E0E1900BFB83E /* Frameworks */,
				1245BC1B2E0E0AEF00BFB83E /* Products */,
			);
			sourceTree = "<group>";
		};
		1245BC1B2E0E0AEF00BFB83E /* Products */ = {
			isa = PBXGroup;
			children = (
				1245BC1A2E0E0AEF00BFB83E /* practica2025 */,
			);
			name = Products;
			sourceTree = "<group>";
		};
		1245BC242E0E0E1900BFB83E /* Frameworks */ = {
			isa = PBXGroup;
			children = (
				1245BC2B2E0E174B00BFB83E /* QtCore5Compat.framework */,
				1245BC272E0E170B00BFB83E /* QtGui.framework */,
				1245BC282E0E170B00BFB83E /* QtWidgets.framework */,
				1245BC252E0E0E1A00BFB83E /* libmatplot.1.2.0.dylib */,
			);
			name = Frameworks;
			sourceTree = "<group>";
		};
/* End PBXGroup section */

/* Begin PBXNativeTarget section */
		1245BC192E0E0AEF00BFB83E /* practica2025 */ = {
			isa = PBXNativeTarget;
			buildConfigurationList = 1245BC212E0E0AEF00BFB83E /* Build configuration list for PBXNativeTarget "practica2025" */;
			buildPhases = (
				1245BC162E0E0AEF00BFB83E /* Sources */,
				1245BC172E0E0AEF00BFB83E /* Frameworks */,
				1245BC182E0E0AEF00BFB83E /* CopyFiles */,
			);
			buildRules = (
			);
			dependencies = (
			);
			fileSystemSynchronizedGroups = (
				1245BC1C2E0E0AEF00BFB83E /* practica2025 */,
			);
			name = practica2025;
			packageProductDependencies = (
			);
			productName = practica2025;
			productReference = 1245BC1A2E0E0AEF00BFB83E /* practica2025 */;
			productType = "com.apple.product-type.tool";
		};
/* End PBXNativeTarget section */

/* Begin PBXProject section */
		1245BC122E0E0AEF00BFB83E /* Project object */ = {
			isa = PBXProject;
			attributes = {
				BuildIndependentTargetsInParallel = 1;
				LastUpgradeCheck = 1620;
				TargetAttributes = {
					1245BC192E0E0AEF00BFB83E = {
						CreatedOnToolsVersion = 16.2;
						LastSwiftMigration = 1620;
					};
				};
			};
			buildConfigurationList = 1245BC152E0E0AEF00BFB83E /* Build configuration list for PBXProject "practica2025" */;
			developmentRegion = en;
			hasScannedForEncodings = 0;
			knownRegions = (
				en,
				Base,
			);
			mainGroup = 1245BC112E0E0AEF00BFB83E;
			minimizedProjectReferenceProxies = 1;
			preferredProjectObjectVersion = 77;
			productRefGroup = 1245BC1B2E0E0AEF00BFB83E /* Products */;
			projectDirPath = "";
			projectRoot = "";
			targets = (
				1245BC192E0E0AEF00BFB83E /* practica2025 */,
			);
		};
/* End PBXProject section */

/* Begin PBXSourcesBuildPhase section */
		1245BC162E0E0AEF00BFB83E /* Sources */ = {
			isa = PBXSourcesBuildPhase;
			buildActionMask = 2147483647;
			files = (
			);
			runOnlyForDeploymentPostprocessing = 0;
		};
/* End PBXSourcesBuildPhase section */

/* Begin XCBuildConfiguration section */
		1245BC1F2E0E0AEF00BFB83E /* Debug */ = {
			isa = XCBuildConfiguration;
			buildSettings = {
				ALWAYS_SEARCH_USER_PATHS = NO;
				ASSETCATALOG_COMPILER_GENERATE_SWIFT_ASSET_SYMBOL_EXTENSIONS = YES;
				CLANG_ANALYZER_NONNULL = YES;
				CLANG_ANALYZER_NUMBER_OBJECT_CONVERSION = YES_AGGRESSIVE;
				CLANG_CXX_LANGUAGE_STANDARD = "gnu++20";
				CLANG_ENABLE_MODULES = YES;
				CLANG_ENABLE_OBJC_ARC = YES;
				CLANG_ENABLE_OBJC_WEAK = YES;
				CLANG_WARN_BLOCK_CAPTURE_AUTORELEASING = YES;
				CLANG_WARN_BOOL_CONVERSION = YES;
				CLANG_WARN_COMMA = YES;
				CLANG_WARN_CONSTANT_CONVERSION = YES;
				CLANG_WARN_DEPRECATED_OBJC_IMPLEMENTATIONS = YES;
				CLANG_WARN_DIRECT_OBJC_ISA_USAGE = YES_ERROR;
				CLANG_WARN_DOCUMENTATION_COMMENTS = YES;
				CLANG_WARN_EMPTY_BODY = YES;
				CLANG_WARN_ENUM_CONVERSION = YES;
				CLANG_WARN_INFINITE_RECURSION = YES;
				CLANG_WARN_INT_CONVERSION = YES;
				CLANG_WARN_NON_LITERAL_NULL_CONVERSION = YES;
				CLANG_WARN_OBJC_IMPLICIT_RETAIN_SELF = YES;
				CLANG_WARN_OBJC_LITERAL_CONVERSION = YES;
				CLANG_WARN_OBJC_ROOT_CLASS = YES_ERROR;
				CLANG_WARN_QUOTED_INCLUDE_IN_FRAMEWORK_HEADER = YES;
				CLANG_WARN_RANGE_LOOP_ANALYSIS = YES;
				CLANG_WARN_STRICT_PROTOTYPES = YES;
				CLANG_WARN_SUSPICIOUS_MOVE = YES;
				CLANG_WARN_UNGUARDED_AVAILABILITY = YES_AGGRESSIVE;
				CLANG_WARN_UNREACHABLE_CODE = YES;
				CLANG_WARN__DUPLICATE_METHOD_MATCH = YES;
				COPY_PHASE_STRIP = NO;
				DEBUG_INFORMATION_FORMAT = dwarf;
				ENABLE_STRICT_OBJC_MSGSEND = YES;
				ENABLE_TESTABILITY = YES;
				ENABLE_USER_SCRIPT_SANDBOXING = YES;
				GCC_C_LANGUAGE_STANDARD = gnu17;
				GCC_DYNAMIC_NO_PIC = NO;
				GCC_NO_COMMON_BLOCKS = YES;
				GCC_OPTIMIZATION_LEVEL = 0;
				GCC_PREPROCESSOR_DEFINITIONS = (
					"DEBUG=1",
					"$(inherited)",
				);
				GCC_WARN_64_TO_32_BIT_CONVERSION = YES;
				GCC_WARN_ABOUT_RETURN_TYPE = YES_ERROR;
				GCC_WARN_UNDECLARED_SELECTOR = YES;
				GCC_WARN_UNINITIALIZED_AUTOS = YES_AGGRESSIVE;
				GCC_WARN_UNUSED_FUNCTION = YES;
				GCC_WARN_UNUSED_VARIABLE = YES;
				LOCALIZATION_PREFERS_STRING_CATALOGS = YES;
				MACOSX_DEPLOYMENT_TARGET = 15.1;
				MTL_ENABLE_DEBUG_INFO = INCLUDE_SOURCE;
				MTL_FAST_MATH = YES;
				ONLY_ACTIVE_ARCH = YES;
				SDKROOT = macosx;
			};
			name = Debug;
		};
		1245BC202E0E0AEF00BFB83E /* Release */ = {
			isa = XCBuildConfiguration;
			buildSettings = {
				ALWAYS_SEARCH_USER_PATHS = NO;
				ASSETCATALOG_COMPILER_GENERATE_SWIFT_ASSET_SYMBOL_EXTENSIONS = YES;
				CLANG_ANALYZER_NONNULL = YES;
				CLANG_ANALYZER_NUMBER_OBJECT_CONVERSION = YES_AGGRESSIVE;
				CLANG_CXX_LANGUAGE_STANDARD = "gnu++20";
				CLANG_ENABLE_MODULES = YES;
				CLANG_ENABLE_OBJC_ARC = YES;
				CLANG_ENABLE_OBJC_WEAK = YES;
				CLANG_WARN_BLOCK_CAPTURE_AUTORELEASING = YES;
				CLANG_WARN_BOOL_CONVERSION = YES;
				CLANG_WARN_COMMA = YES;
				CLANG_WARN_CONSTANT_CONVERSION = YES;
				CLANG_WARN_DEPRECATED_OBJC_IMPLEMENTATIONS = YES;
				CLANG_WARN_DIRECT_OBJC_ISA_USAGE = YES_ERROR;
				CLANG_WARN_DOCUMENTATION_COMMENTS = YES;
				CLANG_WARN_EMPTY_BODY = YES;
				CLANG_WARN_ENUM_CONVERSION = YES;
				CLANG_WARN_INFINITE_RECURSION = YES;
				CLANG_WARN_INT_CONVERSION = YES;
				CLANG_WARN_NON_LITERAL_NULL_CONVERSION = YES;
				CLANG_WARN_OBJC_IMPLICIT_RETAIN_SELF = YES;
				CLANG_WARN_OBJC_LITERAL_CONVERSION = YES;
				CLANG_WARN_OBJC_ROOT_CLASS = YES_ERROR;
				CLANG_WARN_QUOTED_INCLUDE_IN_FRAMEWORK_HEADER = YES;
				CLANG_WARN_RANGE_LOOP_ANALYSIS = YES;
				CLANG_WARN_STRICT_PROTOTYPES = YES;
				CLANG_WARN_SUSPICIOUS_MOVE = YES;
				CLANG_WARN_UNGUARDED_AVAILABILITY = YES_AGGRESSIVE;
				CLANG_WARN_UNREACHABLE_CODE = YES;
				CLANG_WARN__DUPLICATE_METHOD_MATCH = YES;
				COPY_PHASE_STRIP = NO;
				DEBUG_INFORMATION_FORMAT = "dwarf-with-dsym";
				ENABLE_NS_ASSERTIONS = NO;
				ENABLE_STRICT_OBJC_MSGSEND = YES;
				ENABLE_USER_SCRIPT_SANDBOXING = YES;
				GCC_C_LANGUAGE_STANDARD = gnu17;
				GCC_NO_COMMON_BLOCKS = YES;
				GCC_WARN_64_TO_32_BIT_CONVERSION = YES;
				GCC_WARN_ABOUT_RETURN_TYPE = YES_ERROR;
				GCC_WARN_UNDECLARED_SELECTOR = YES;
				GCC_WARN_UNINITIALIZED_AUTOS = YES_AGGRESSIVE;
				GCC_WARN_UNUSED_FUNCTION = YES;
				GCC_WARN_UNUSED_VARIABLE = YES;
				LOCALIZATION_PREFERS_STRING_CATALOGS = YES;
				MACOSX_DEPLOYMENT_TARGET = 15.1;
				MTL_ENABLE_DEBUG_INFO = NO;
				MTL_FAST_MATH = YES;
				SDKROOT = macosx;
			};
			name = Release;
		};
		1245BC222E0E0AEF00BFB83E /* Debug */ = {
			isa = XCBuildConfiguration;
			buildSettings = {
				CLANG_ENABLE_MODULES = YES;
				CODE_SIGN_STYLE = Automatic;
				FRAMEWORK_SEARCH_PATHS = "";
				HEADER_SEARCH_PATHS = /opt/homebrew/Cellar/matplotplusplus/1.2.2/include;
				LD_RUNPATH_SEARCH_PATHS = /opt/homebrew/lib;
				LIBRARY_SEARCH_PATHS = /opt/homebrew/Cellar/matplotplusplus/1.2.2/lib;
				OTHER_LDFLAGS = "-lmatplot";
				PRODUCT_NAME = "$(TARGET_NAME)";
				SWIFT_OPTIMIZATION_LEVEL = "-Onone";
				SWIFT_VERSION = 6.0;
			};
			name = Debug;
		};
		1245BC232E0E0AEF00BFB83E /* Release */ = {
			isa = XCBuildConfiguration;
			buildSettings = {
				CLANG_ENABLE_MODULES = YES;
				CODE_SIGN_STYLE = Automatic;
				FRAMEWORK_SEARCH_PATHS = "";
				HEADER_SEARCH_PATHS = /opt/homebrew/Cellar/matplotplusplus/1.2.2/include;
				LD_RUNPATH_SEARCH_PATHS = /opt/homebrew/lib;
				LIBRARY_SEARCH_PATHS = /opt/homebrew/Cellar/matplotplusplus/1.2.2/lib;
				OTHER_LDFLAGS = "-lmatplot";
				PRODUCT_NAME = "$(TARGET_NAME)";
				SWIFT_VERSION = 6.0;
			};
			name = Release;
		};
/* End XCBuildConfiguration section */

/* Begin XCConfigurationList section */
		1245BC152E0E0AEF00BFB83E /* Build configuration list for PBXProject "practica2025" */ = {
			isa = XCConfigurationList;
			buildConfigurations = (
				1245BC1F2E0E0AEF00BFB83E /* Debug */,
				1245BC202E0E0AEF00BFB83E /* Release */,
			);
			defaultConfigurationIsVisible = 0;
			defaultConfigurationName = Release;
		};
		1245BC212E0E0AEF00BFB83E /* Build configuration list for PBXNativeTarget "practica2025" */ = {
			isa = XCConfigurationList;
			buildConfigurations = (
				1245BC222E0E0AEF00BFB83E /* Debug */,
				1245BC232E0E0AEF00BFB83E /* Release */,
			);
			defaultConfigurationIsVisible = 0;
			defaultConfigurationName = Release;
		};
/* End XCConfigurationList section */
	};
	rootObject = 1245BC122E0E0AEF00BFB83E /* Project object */;
}
